
Microsoft Visual Studio Solution File, Format Version 12.00
# Visual Studio Version 16
VisualStudioVersion = 16.0.32002.261
MinimumVisualStudioVersion = 10.0.40219.1
Project("{FAE04EC0-301F-11D3-BF4B-00C04F79EFBC}") = "Hotel", "Hotel\Hotel.csproj", "{A16ED09B-5707-4752-A29C-D9163B791FE2}"
EndProject
Global
	GlobalSection(SolutionConfigurationPlatforms) = preSolution
		Debug|Any CPU = Debug|Any CPU
		Release|Any CPU = Release|Any CPU
	EndGlobalSection
	GlobalSection(ProjectConfigurationPlatforms) = postSolution
		{A16ED09B-5707-4752-A29C-D9163B791FE2}.Debug|Any CPU.ActiveCfg = Debug|Any CPU
		{A16ED09B-5707-4752-A29C-D9163B791FE2}.Debug|Any CPU.Build.0 = Debug|Any CPU
		{A16ED09B-5707-4752-A29C-D9163B791FE2}.Release|Any CPU.ActiveCfg = Release|Any CPU
		{A16ED09B-5707-4752-A29C-D9163B791FE2}.Release|Any CPU.Build.0 = Release|Any CPU
	EndGlobalSection
	GlobalSection(SolutionProperties) = preSolution
		HideSolutionNode = FALSE
	EndGlobalSection
	GlobalSection(ExtensibilityGlobals) = postSolution
		SolutionGuid = {051CF461-13BB-4AB9-8541-8E7BCFD4F244}
	EndGlobalSection
EndGlobal
